<Solution>
    <Folder Name="/src/" />
    <Folder Name="/src/Api/">
        <Project Path="src/Api/WatchStore.Api.csproj" />
    </Folder>
    <Folder Name="/tests/" />
    <Folder Name="/tests/Api.Tests/">
        <Project Path="tests/Api.Tests/WatchStore.Api.Tests.csproj" />
    </Folder>
</Solution>
